
Microsoft Visual Studio Solution File, Format Version 12.00
# Visual Studio Version 17
VisualStudioVersion = 17.13.35931.197
MinimumVisualStudioVersion = 10.0.40219.1
Project("{FAE04EC0-301F-11D3-BF4B-00C04F79EFBC}") = "HelloWorld", "HelloWorld\HelloWorld.csproj", "{EB06E620-9267-4DD0-87EE-D33B4831B1C8}"
EndProject
Project("{FAE04EC0-301F-11D3-BF4B-00C04F79EFBC}") = "FirstDgree", "FirstDgree\FirstDgree.csproj", "{E4EDC1CC-D37D-4301-8925-CCC5BE96E149}"
EndProject
Project("{FAE04EC0-301F-11D3-BF4B-00C04F79EFBC}") = "QuadraticEquation", "QuadraticEquation\QuadraticEquation.csproj", "{1E58579B-72D4-42DC-997E-68EE6B93DBD4}"
EndProject
Project("{FAE04EC0-301F-11D3-BF4B-00C04F79EFBC}") = "StringInteraction", "StringInteraction\StringInteraction.csproj", "{18834D56-5A46-42FF-8F73-C96ED57D4372}"
EndProject
Project("{FAE04EC0-301F-11D3-BF4B-00C04F79EFBC}") = "SimpleMath", "SimpleMath\SimpleMath.csproj", "{94C2DC64-2B1E-4BF4-84F2-EB223A05DB29}"
EndProject
Project("{FAE04EC0-301F-11D3-BF4B-00C04F79EFBC}") = "CallByReference", "CallByReference\CallByReference.csproj", "{78092D5C-BBD0-4366-BA98-E5062545FDE5}"
EndProject
Project("{FAE04EC0-301F-11D3-BF4B-00C04F79EFBC}") = "ReviewFor", "ReviewFor\ReviewFor.csproj", "{90DBEB6F-8C5A-4378-9F78-79CA27857662}"
EndProject
Project("{FAE04EC0-301F-11D3-BF4B-00C04F79EFBC}") = "LearnForeach", "LearnForeach\LearnForeach.csproj", "{0E0E8A26-52D1-478B-A021-D0EABE21EEDE}"
EndProject
Project("{FAE04EC0-301F-11D3-BF4B-00C04F79EFBC}") = "ReviewNestedLoop", "ReviewNestedLoop\ReviewNestedLoop.csproj", "{A41A9FAE-BF43-4702-A40E-A672531BA599}"
EndProject
Project("{FAE04EC0-301F-11D3-BF4B-00C04F79EFBC}") = "OOP1", "OOP1\OOP1.csproj", "{F0E93DF7-779B-4532-A3F9-52207D0B9D15}"
EndProject
Project("{FAE04EC0-301F-11D3-BF4B-00C04F79EFBC}") = "OOP2", "OOP2\OOP2.csproj", "{24C8CB1C-BF2A-47AA-BDEA-BA53DE7082AC}"
EndProject
Project("{FAE04EC0-301F-11D3-BF4B-00C04F79EFBC}") = "OOP3_ExtentionMethod", "OOP3_ExtentionMethod\OOP3_ExtentionMethod.csproj", "{672D6A0F-6D73-4F24-B2A7-9E1C9F5A9745}"
EndProject
Project("{FAE04EC0-301F-11D3-BF4B-00C04F79EFBC}") = "OOP2_Reuse_as_Library", "OOP2_Reuse_as_Library\OOP2_Reuse_as_Library.csproj", "{79AF3927-49BC-4C81-B9DD-C2FEFC3BBDF2}"
EndProject
Project("{FAE04EC0-301F-11D3-BF4B-00C04F79EFBC}") = "Collection_Generic", "Collection_Generic\Collection_Generic.csproj", "{3A68BE06-6E62-44E3-B833-CEF2826C2794}"
EndProject
Project("{FAE04EC0-301F-11D3-BF4B-00C04F79EFBC}") = "OOP4_Dictionary", "OOP4_Dictionary\OOP4_Dictionary.csproj", "{63E2D104-AD4E-438A-B330-BBE2D80E50C1}"
EndProject
Project("{2150E333-8FDC-42A3-9474-1A3956D46DE8}") = "Chapter5", "Chapter5", "{02EA681E-C7D8-13C7-8484-4AC65E1B71E8}"
EndProject
Project("{FAE04EC0-301F-11D3-BF4B-00C04F79EFBC}") = "BuilderPattern", "D:\PRN212\Chapter5\BuilderPattern\BuilderPattern.csproj", "{3A68E48F-C8AC-5D3F-3248-40599398E575}"
EndProject
Project("{FAE04EC0-301F-11D3-BF4B-00C04F79EFBC}") = "FactoriesPattern", "D:\PRN212\Chapter5\FactoriesPattern\FactoriesPattern.csproj", "{20F1EAD9-CB57-7224-FB11-27E32E57782D}"
EndProject
Project("{FAE04EC0-301F-11D3-BF4B-00C04F79EFBC}") = "ObserverPattern", "D:\PRN212\Chapter5\ObserverPattern\ObserverPattern.csproj", "{12B8FF8F-E2A8-4E80-5F59-CBC6970536F6}"
EndProject
Project("{FAE04EC0-301F-11D3-BF4B-00C04F79EFBC}") = "PrototypePattern", "D:\PRN212\Chapter5\PrototypePattern\PrototypePattern.csproj", "{17EC4720-E734-A451-8AC6-59EBBA8B4A42}"
EndProject
Project("{FAE04EC0-301F-11D3-BF4B-00C04F79EFBC}") = "SingletonPattern", "D:\PRN212\Chapter5\SingletonPattern\SingletonPattern.csproj", "{56AB3139-8D9B-A74C-568A-B09BBEA2286B}"
EndProject
Project("{FAE04EC0-301F-11D3-BF4B-00C04F79EFBC}") = "OOP5_Clone", "OOP5_Clone\OOP5_Clone.csproj", "{1EEAE046-B837-4BBF-B0C5-30C3220B0A3C}"
EndProject
Project("{FAE04EC0-301F-11D3-BF4B-00C04F79EFBC}") = "Product", "Product\Product.csproj", "{E76311A3-34CC-4FC5-852D-C2569E9325D4}"
EndProject
Project("{2150E333-8FDC-42A3-9474-1A3956D46DE8}") = "Chapter6", "Chapter6", "{AA9262A9-F0A3-4576-8372-3FFF41A19B0A}"
EndProject
Project("{FAE04EC0-301F-11D3-BF4B-00C04F79EFBC}") = "DemoDelegate1", "DemoDelegate\DemoDelegate1.csproj", "{2B1B89A9-C86C-4091-A606-E68BFDE129D3}"
EndProject
Project("{FAE04EC0-301F-11D3-BF4B-00C04F79EFBC}") = "DemoLinqToObject", "DemoLinqToObject\DemoLinqToObject.csproj", "{C098E16E-B111-4C8B-9239-DE9C53CB45C4}"
EndProject
Project("{FAE04EC0-301F-11D3-BF4B-00C04F79EFBC}") = "DemoLinqToObject2", "DemoLinqToObject2\DemoLinqToObject2.csproj", "{8439E575-0E48-4EF9-9022-D241F530E20D}"
EndProject
Project("{FAE04EC0-301F-11D3-BF4B-00C04F79EFBC}") = "DemoMyStoreLINQ25QL", "DemoMyStoreLINQ25QL\DemoMyStoreLINQ25QL.csproj", "{72DFE63F-EFBE-4EB3-A841-67E691FD932A}"
EndProject
Project("{FAE04EC0-301F-11D3-BF4B-00C04F79EFBC}") = "LucyDemoLINQ2SQL", "LucyDemoLINQ2SQL\LucyDemoLINQ2SQL.csproj", "{9213A558-86A6-40DA-81C4-F525D30EB42B}"
EndProject
Project("{2150E333-8FDC-42A3-9474-1A3956D46DE8}") = "Chapter 7", "Chapter 7", "{47AF8297-3A22-47EF-8BB8-AA3CF59ED300}"
EndProject
Project("{FAE04EC0-301F-11D3-BF4B-00C04F79EFBC}") = "HelloWpfApp", "HelloWpfApp\HelloWpfApp.csproj", "{A4B658DA-91F5-4C85-9BFC-27A4DAC61264}"
EndProject
Project("{FAE04EC0-301F-11D3-BF4B-00C04F79EFBC}") = "ButtonControl_TongHop", "Control1\ButtonControl_TongHop.csproj", "{29971B38-7401-4732-A533-FCC5B94DE7A0}"
EndProject
Global
	GlobalSection(SolutionConfigurationPlatforms) = preSolution
		Debug|Any CPU = Debug|Any CPU
		Release|Any CPU = Release|Any CPU
	EndGlobalSection
	GlobalSection(ProjectConfigurationPlatforms) = postSolution
		{EB06E620-9267-4DD0-87EE-D33B4831B1C8}.Debug|Any CPU.ActiveCfg = Debug|Any CPU
		{EB06E620-9267-4DD0-87EE-D33B4831B1C8}.Debug|Any CPU.Build.0 = Debug|Any CPU
		{EB06E620-9267-4DD0-87EE-D33B4831B1C8}.Release|Any CPU.ActiveCfg = Release|Any CPU
		{EB06E620-9267-4DD0-87EE-D33B4831B1C8}.Release|Any CPU.Build.0 = Release|Any CPU
		{E4EDC1CC-D37D-4301-8925-CCC5BE96E149}.Debug|Any CPU.ActiveCfg = Debug|Any CPU
		{E4EDC1CC-D37D-4301-8925-CCC5BE96E149}.Debug|Any CPU.Build.0 = Debug|Any CPU
		{E4EDC1CC-D37D-4301-8925-CCC5BE96E149}.Release|Any CPU.ActiveCfg = Release|Any CPU
		{E4EDC1CC-D37D-4301-8925-CCC5BE96E149}.Release|Any CPU.Build.0 = Release|Any CPU
		{1E58579B-72D4-42DC-997E-68EE6B93DBD4}.Debug|Any CPU.ActiveCfg = Debug|Any CPU
		{1E58579B-72D4-42DC-997E-68EE6B93DBD4}.Debug|Any CPU.Build.0 = Debug|Any CPU
		{1E58579B-72D4-42DC-997E-68EE6B93DBD4}.Release|Any CPU.ActiveCfg = Release|Any CPU
		{1E58579B-72D4-42DC-997E-68EE6B93DBD4}.Release|Any CPU.Build.0 = Release|Any CPU
		{18834D56-5A46-42FF-8F73-C96ED57D4372}.Debug|Any CPU.ActiveCfg = Debug|Any CPU
		{18834D56-5A46-42FF-8F73-C96ED57D4372}.Debug|Any CPU.Build.0 = Debug|Any CPU
		{18834D56-5A46-42FF-8F73-C96ED57D4372}.Release|Any CPU.ActiveCfg = Release|Any CPU
		{18834D56-5A46-42FF-8F73-C96ED57D4372}.Release|Any CPU.Build.0 = Release|Any CPU
		{94C2DC64-2B1E-4BF4-84F2-EB223A05DB29}.Debug|Any CPU.ActiveCfg = Debug|Any CPU
		{94C2DC64-2B1E-4BF4-84F2-EB223A05DB29}.Debug|Any CPU.Build.0 = Debug|Any CPU
		{94C2DC64-2B1E-4BF4-84F2-EB223A05DB29}.Release|Any CPU.ActiveCfg = Release|Any CPU
		{94C2DC64-2B1E-4BF4-84F2-EB223A05DB29}.Release|Any CPU.Build.0 = Release|Any CPU
		{78092D5C-BBD0-4366-BA98-E5062545FDE5}.Debug|Any CPU.ActiveCfg = Debug|Any CPU
		{78092D5C-BBD0-4366-BA98-E5062545FDE5}.Debug|Any CPU.Build.0 = Debug|Any CPU
		{78092D5C-BBD0-4366-BA98-E5062545FDE5}.Release|Any CPU.ActiveCfg = Release|Any CPU
		{78092D5C-BBD0-4366-BA98-E5062545FDE5}.Release|Any CPU.Build.0 = Release|Any CPU
		{90DBEB6F-8C5A-4378-9F78-79CA27857662}.Debug|Any CPU.ActiveCfg = Debug|Any CPU
		{90DBEB6F-8C5A-4378-9F78-79CA27857662}.Debug|Any CPU.Build.0 = Debug|Any CPU
		{90DBEB6F-8C5A-4378-9F78-79CA27857662}.Release|Any CPU.ActiveCfg = Release|Any CPU
		{90DBEB6F-8C5A-4378-9F78-79CA27857662}.Release|Any CPU.Build.0 = Release|Any CPU
		{0E0E8A26-52D1-478B-A021-D0EABE21EEDE}.Debug|Any CPU.ActiveCfg = Debug|Any CPU
		{0E0E8A26-52D1-478B-A021-D0EABE21EEDE}.Debug|Any CPU.Build.0 = Debug|Any CPU
		{0E0E8A26-52D1-478B-A021-D0EABE21EEDE}.Release|Any CPU.ActiveCfg = Release|Any CPU
		{0E0E8A26-52D1-478B-A021-D0EABE21EEDE}.Release|Any CPU.Build.0 = Release|Any CPU
		{A41A9FAE-BF43-4702-A40E-A672531BA599}.Debug|Any CPU.ActiveCfg = Debug|Any CPU
		{A41A9FAE-BF43-4702-A40E-A672531BA599}.Debug|Any CPU.Build.0 = Debug|Any CPU
		{A41A9FAE-BF43-4702-A40E-A672531BA599}.Release|Any CPU.ActiveCfg = Release|Any CPU
		{A41A9FAE-BF43-4702-A40E-A672531BA599}.Release|Any CPU.Build.0 = Release|Any CPU
		{F0E93DF7-779B-4532-A3F9-52207D0B9D15}.Debug|Any CPU.ActiveCfg = Debug|Any CPU
		{F0E93DF7-779B-4532-A3F9-52207D0B9D15}.Debug|Any CPU.Build.0 = Debug|Any CPU
		{F0E93DF7-779B-4532-A3F9-52207D0B9D15}.Release|Any CPU.ActiveCfg = Release|Any CPU
		{F0E93DF7-779B-4532-A3F9-52207D0B9D15}.Release|Any CPU.Build.0 = Release|Any CPU
		{24C8CB1C-BF2A-47AA-BDEA-BA53DE7082AC}.Debug|Any CPU.ActiveCfg = Debug|Any CPU
		{24C8CB1C-BF2A-47AA-BDEA-BA53DE7082AC}.Debug|Any CPU.Build.0 = Debug|Any CPU
		{24C8CB1C-BF2A-47AA-BDEA-BA53DE7082AC}.Release|Any CPU.ActiveCfg = Release|Any CPU
		{24C8CB1C-BF2A-47AA-BDEA-BA53DE7082AC}.Release|Any CPU.Build.0 = Release|Any CPU
		{672D6A0F-6D73-4F24-B2A7-9E1C9F5A9745}.Debug|Any CPU.ActiveCfg = Debug|Any CPU
		{672D6A0F-6D73-4F24-B2A7-9E1C9F5A9745}.Debug|Any CPU.Build.0 = Debug|Any CPU
		{672D6A0F-6D73-4F24-B2A7-9E1C9F5A9745}.Release|Any CPU.ActiveCfg = Release|Any CPU
		{672D6A0F-6D73-4F24-B2A7-9E1C9F5A9745}.Release|Any CPU.Build.0 = Release|Any CPU
		{79AF3927-49BC-4C81-B9DD-C2FEFC3BBDF2}.Debug|Any CPU.ActiveCfg = Debug|Any CPU
		{79AF3927-49BC-4C81-B9DD-C2FEFC3BBDF2}.Debug|Any CPU.Build.0 = Debug|Any CPU
		{79AF3927-49BC-4C81-B9DD-C2FEFC3BBDF2}.Release|Any CPU.ActiveCfg = Release|Any CPU
		{79AF3927-49BC-4C81-B9DD-C2FEFC3BBDF2}.Release|Any CPU.Build.0 = Release|Any CPU
		{3A68BE06-6E62-44E3-B833-CEF2826C2794}.Debug|Any CPU.ActiveCfg = Debug|Any CPU
		{3A68BE06-6E62-44E3-B833-CEF2826C2794}.Debug|Any CPU.Build.0 = Debug|Any CPU
		{3A68BE06-6E62-44E3-B833-CEF2826C2794}.Release|Any CPU.ActiveCfg = Release|Any CPU
		{3A68BE06-6E62-44E3-B833-CEF2826C2794}.Release|Any CPU.Build.0 = Release|Any CPU
		{63E2D104-AD4E-438A-B330-BBE2D80E50C1}.Debug|Any CPU.ActiveCfg = Debug|Any CPU
		{63E2D104-AD4E-438A-B330-BBE2D80E50C1}.Debug|Any CPU.Build.0 = Debug|Any CPU
		{63E2D104-AD4E-438A-B330-BBE2D80E50C1}.Release|Any CPU.ActiveCfg = Release|Any CPU
		{63E2D104-AD4E-438A-B330-BBE2D80E50C1}.Release|Any CPU.Build.0 = Release|Any CPU
		{3A68E48F-C8AC-5D3F-3248-40599398E575}.Debug|Any CPU.ActiveCfg = Debug|Any CPU
		{3A68E48F-C8AC-5D3F-3248-40599398E575}.Debug|Any CPU.Build.0 = Debug|Any CPU
		{3A68E48F-C8AC-5D3F-3248-40599398E575}.Release|Any CPU.ActiveCfg = Release|Any CPU
		{3A68E48F-C8AC-5D3F-3248-40599398E575}.Release|Any CPU.Build.0 = Release|Any CPU
		{20F1EAD9-CB57-7224-FB11-27E32E57782D}.Debug|Any CPU.ActiveCfg = Debug|Any CPU
		{20F1EAD9-CB57-7224-FB11-27E32E57782D}.Debug|Any CPU.Build.0 = Debug|Any CPU
		{20F1EAD9-CB57-7224-FB11-27E32E57782D}.Release|Any CPU.ActiveCfg = Release|Any CPU
		{20F1EAD9-CB57-7224-FB11-27E32E57782D}.Release|Any CPU.Build.0 = Release|Any CPU
		{12B8FF8F-E2A8-4E80-5F59-CBC6970536F6}.Debug|Any CPU.ActiveCfg = Debug|Any CPU
		{12B8FF8F-E2A8-4E80-5F59-CBC6970536F6}.Debug|Any CPU.Build.0 = Debug|Any CPU
		{12B8FF8F-E2A8-4E80-5F59-CBC6970536F6}.Release|Any CPU.ActiveCfg = Release|Any CPU
		{12B8FF8F-E2A8-4E80-5F59-CBC6970536F6}.Release|Any CPU.Build.0 = Release|Any CPU
		{17EC4720-E734-A451-8AC6-59EBBA8B4A42}.Debug|Any CPU.ActiveCfg = Debug|Any CPU
		{17EC4720-E734-A451-8AC6-59EBBA8B4A42}.Debug|Any CPU.Build.0 = Debug|Any CPU
		{17EC4720-E734-A451-8AC6-59EBBA8B4A42}.Release|Any CPU.ActiveCfg = Release|Any CPU
		{17EC4720-E734-A451-8AC6-59EBBA8B4A42}.Release|Any CPU.Build.0 = Release|Any CPU
		{56AB3139-8D9B-A74C-568A-B09BBEA2286B}.Debug|Any CPU.ActiveCfg = Debug|Any CPU
		{56AB3139-8D9B-A74C-568A-B09BBEA2286B}.Debug|Any CPU.Build.0 = Debug|Any CPU
		{56AB3139-8D9B-A74C-568A-B09BBEA2286B}.Release|Any CPU.ActiveCfg = Release|Any CPU
		{56AB3139-8D9B-A74C-568A-B09BBEA2286B}.Release|Any CPU.Build.0 = Release|Any CPU
		{1EEAE046-B837-4BBF-B0C5-30C3220B0A3C}.Debug|Any CPU.ActiveCfg = Debug|Any CPU
		{1EEAE046-B837-4BBF-B0C5-30C3220B0A3C}.Debug|Any CPU.Build.0 = Debug|Any CPU
		{1EEAE046-B837-4BBF-B0C5-30C3220B0A3C}.Release|Any CPU.ActiveCfg = Release|Any CPU
		{1EEAE046-B837-4BBF-B0C5-30C3220B0A3C}.Release|Any CPU.Build.0 = Release|Any CPU
		{E76311A3-34CC-4FC5-852D-C2569E9325D4}.Debug|Any CPU.ActiveCfg = Debug|Any CPU
		{E76311A3-34CC-4FC5-852D-C2569E9325D4}.Debug|Any CPU.Build.0 = Debug|Any CPU
		{E76311A3-34CC-4FC5-852D-C2569E9325D4}.Release|Any CPU.ActiveCfg = Release|Any CPU
		{E76311A3-34CC-4FC5-852D-C2569E9325D4}.Release|Any CPU.Build.0 = Release|Any CPU
		{2B1B89A9-C86C-4091-A606-E68BFDE129D3}.Debug|Any CPU.ActiveCfg = Debug|Any CPU
		{2B1B89A9-C86C-4091-A606-E68BFDE129D3}.Debug|Any CPU.Build.0 = Debug|Any CPU
		{2B1B89A9-C86C-4091-A606-E68BFDE129D3}.Release|Any CPU.ActiveCfg = Release|Any CPU
		{2B1B89A9-C86C-4091-A606-E68BFDE129D3}.Release|Any CPU.Build.0 = Release|Any CPU
		{C098E16E-B111-4C8B-9239-DE9C53CB45C4}.Debug|Any CPU.ActiveCfg = Debug|Any CPU
		{C098E16E-B111-4C8B-9239-DE9C53CB45C4}.Debug|Any CPU.Build.0 = Debug|Any CPU
		{C098E16E-B111-4C8B-9239-DE9C53CB45C4}.Release|Any CPU.ActiveCfg = Release|Any CPU
		{C098E16E-B111-4C8B-9239-DE9C53CB45C4}.Release|Any CPU.Build.0 = Release|Any CPU
		{8439E575-0E48-4EF9-9022-D241F530E20D}.Debug|Any CPU.ActiveCfg = Debug|Any CPU
		{8439E575-0E48-4EF9-9022-D241F530E20D}.Debug|Any CPU.Build.0 = Debug|Any CPU
		{8439E575-0E48-4EF9-9022-D241F530E20D}.Release|Any CPU.ActiveCfg = Release|Any CPU
		{8439E575-0E48-4EF9-9022-D241F530E20D}.Release|Any CPU.Build.0 = Release|Any CPU
		{72DFE63F-EFBE-4EB3-A841-67E691FD932A}.Debug|Any CPU.ActiveCfg = Debug|Any CPU
		{72DFE63F-EFBE-4EB3-A841-67E691FD932A}.Debug|Any CPU.Build.0 = Debug|Any CPU
		{72DFE63F-EFBE-4EB3-A841-67E691FD932A}.Release|Any CPU.ActiveCfg = Release|Any CPU
		{72DFE63F-EFBE-4EB3-A841-67E691FD932A}.Release|Any CPU.Build.0 = Release|Any CPU
		{9213A558-86A6-40DA-81C4-F525D30EB42B}.Debug|Any CPU.ActiveCfg = Debug|Any CPU
		{9213A558-86A6-40DA-81C4-F525D30EB42B}.Debug|Any CPU.Build.0 = Debug|Any CPU
		{9213A558-86A6-40DA-81C4-F525D30EB42B}.Release|Any CPU.ActiveCfg = Release|Any CPU
		{9213A558-86A6-40DA-81C4-F525D30EB42B}.Release|Any CPU.Build.0 = Release|Any CPU
		{A4B658DA-91F5-4C85-9BFC-27A4DAC61264}.Debug|Any CPU.ActiveCfg = Debug|Any CPU
		{A4B658DA-91F5-4C85-9BFC-27A4DAC61264}.Debug|Any CPU.Build.0 = Debug|Any CPU
		{A4B658DA-91F5-4C85-9BFC-27A4DAC61264}.Release|Any CPU.ActiveCfg = Release|Any CPU
		{A4B658DA-91F5-4C85-9BFC-27A4DAC61264}.Release|Any CPU.Build.0 = Release|Any CPU
		{29971B38-7401-4732-A533-FCC5B94DE7A0}.Debug|Any CPU.ActiveCfg = Debug|Any CPU
		{29971B38-7401-4732-A533-FCC5B94DE7A0}.Debug|Any CPU.Build.0 = Debug|Any CPU
		{29971B38-7401-4732-A533-FCC5B94DE7A0}.Release|Any CPU.ActiveCfg = Release|Any CPU
		{29971B38-7401-4732-A533-FCC5B94DE7A0}.Release|Any CPU.Build.0 = Release|Any CPU
	EndGlobalSection
	GlobalSection(SolutionProperties) = preSolution
		HideSolutionNode = FALSE
	EndGlobalSection
	GlobalSection(NestedProjects) = preSolution
		{3A68E48F-C8AC-5D3F-3248-40599398E575} = {02EA681E-C7D8-13C7-8484-4AC65E1B71E8}
		{20F1EAD9-CB57-7224-FB11-27E32E57782D} = {02EA681E-C7D8-13C7-8484-4AC65E1B71E8}
		{12B8FF8F-E2A8-4E80-5F59-CBC6970536F6} = {02EA681E-C7D8-13C7-8484-4AC65E1B71E8}
		{17EC4720-E734-A451-8AC6-59EBBA8B4A42} = {02EA681E-C7D8-13C7-8484-4AC65E1B71E8}
		{56AB3139-8D9B-A74C-568A-B09BBEA2286B} = {02EA681E-C7D8-13C7-8484-4AC65E1B71E8}
		{2B1B89A9-C86C-4091-A606-E68BFDE129D3} = {AA9262A9-F0A3-4576-8372-3FFF41A19B0A}
		{C098E16E-B111-4C8B-9239-DE9C53CB45C4} = {AA9262A9-F0A3-4576-8372-3FFF41A19B0A}
		{8439E575-0E48-4EF9-9022-D241F530E20D} = {AA9262A9-F0A3-4576-8372-3FFF41A19B0A}
		{72DFE63F-EFBE-4EB3-A841-67E691FD932A} = {AA9262A9-F0A3-4576-8372-3FFF41A19B0A}
		{9213A558-86A6-40DA-81C4-F525D30EB42B} = {AA9262A9-F0A3-4576-8372-3FFF41A19B0A}
		{A4B658DA-91F5-4C85-9BFC-27A4DAC61264} = {47AF8297-3A22-47EF-8BB8-AA3CF59ED300}
		{29971B38-7401-4732-A533-FCC5B94DE7A0} = {47AF8297-3A22-47EF-8BB8-AA3CF59ED300}
	EndGlobalSection
	GlobalSection(ExtensibilityGlobals) = postSolution
		SolutionGuid = {6D688E67-4B30-465D-AC7E-C0AB45903767}
	EndGlobalSection
EndGlobal
